// !$*UTF8*$!
{
	archiveVersion = 1;
	classes = {
	};
	objectVersion = 46;
	objects = {

/* Begin PBXBuildFile section */
		A86565821AA8268700C4232D /* AppDelegate.swift in Sources */ = {isa = PBXBuildFile; fileRef = A86565811AA8268700C4232D /* AppDelegate.swift */; };
		A86565841AA8268700C4232D /* ContainerViewController.swift in Sources */ = {isa = PBXBuildFile; fileRef = A86565831AA8268700C4232D /* ContainerViewController.swift */; };
		A86565871AA8268700C4232D /* Main.storyboard in Resources */ = {isa = PBXBuildFile; fileRef = A86565851AA8268700C4232D /* Main.storyboard */; };
		A86565891AA8268700C4232D /* Images.xcassets in Resources */ = {isa = PBXBuildFile; fileRef = A86565881AA8268700C4232D /* Images.xcassets */; };
		A865658C1AA8268700C4232D /* LaunchScreen.xib in Resources */ = {isa = PBXBuildFile; fileRef = A865658A1AA8268700C4232D /* LaunchScreen.xib */; };
		A86565981AA8268700C4232D /* SlideMenuInSwiftTests.swift in Sources */ = {isa = PBXBuildFile; fileRef = A86565971AA8268700C4232D /* SlideMenuInSwiftTests.swift */; };
		A86565A21AA8290F00C4232D /* CenterViewController.swift in Sources */ = {isa = PBXBuildFile; fileRef = A86565A11AA8290F00C4232D /* CenterViewController.swift */; };
		A86565A41AA8293500C4232D /* SidePanelViewController.swift in Sources */ = {isa = PBXBuildFile; fileRef = A86565A31AA8293500C4232D /* SidePanelViewController.swift */; };
/* End PBXBuildFile section */

/* Begin PBXContainerItemProxy section */
		A86565921AA8268700C4232D /* PBXContainerItemProxy */ = {
			isa = PBXContainerItemProxy;
			containerPortal = A86565741AA8268600C4232D /* Project object */;
			proxyType = 1;
			remoteGlobalIDString = A865657B1AA8268600C4232D;
			remoteInfo = SlideMenuInSwift;
		};
/* End PBXContainerItemProxy section */

/* Begin PBXFileReference section */
		A865657C1AA8268600C4232D /* SlideMenuInSwift.app */ = {isa = PBXFileReference; explicitFileType = wrapper.application; includeInIndex = 0; path = SlideMenuInSwift.app; sourceTree = BUILT_PRODUCTS_DIR; };
		A86565801AA8268700C4232D /* Info.plist */ = {isa = PBXFileReference; lastKnownFileType = text.plist.xml; path = Info.plist; sourceTree = "<group>"; };
		A86565811AA8268700C4232D /* AppDelegate.swift */ = {isa = PBXFileReference; lastKnownFileType = sourcecode.swift; path = AppDelegate.swift; sourceTree = "<group>"; };
		A86565831AA8268700C4232D /* ContainerViewController.swift */ = {isa = PBXFileReference; lastKnownFileType = sourcecode.swift; path = ContainerViewController.swift; sourceTree = "<group>"; };
		A86565861AA8268700C4232D /* Base */ = {isa = PBXFileReference; lastKnownFileType = file.storyboard; name = Base; path = Base.lproj/Main.storyboard; sourceTree = "<group>"; };
		A86565881AA8268700C4232D /* Images.xcassets */ = {isa = PBXFileReference; lastKnownFileType = folder.assetcatalog; path = Images.xcassets; sourceTree = "<group>"; };
		A865658B1AA8268700C4232D /* Base */ = {isa = PBXFileReference; lastKnownFileType = file.xib; name = Base; path = Base.lproj/LaunchScreen.xib; sourceTree = "<group>"; };
		A86565911AA8268700C4232D /* SlideMenuInSwiftTests.xctest */ = {isa = PBXFileReference; explicitFileType = wrapper.cfbundle; includeInIndex = 0; path = SlideMenuInSwiftTests.xctest; sourceTree = BUILT_PRODUCTS_DIR; };
		A86565961AA8268700C4232D /* Info.plist */ = {isa = PBXFileReference; lastKnownFileType = text.plist.xml; path = Info.plist; sourceTree = "<group>"; };
		A86565971AA8268700C4232D /* SlideMenuInSwiftTests.swift */ = {isa = PBXFileReference; lastKnownFileType = sourcecode.swift; path = SlideMenuInSwiftTests.swift; sourceTree = "<group>"; };
		A86565A11AA8290F00C4232D /* CenterViewController.swift */ = {isa = PBXFileReference; fileEncoding = 4; lastKnownFileType = sourcecode.swift; path = CenterViewController.swift; sourceTree = "<group>"; };
		A86565A31AA8293500C4232D /* SidePanelViewController.swift */ = {isa = PBXFileReference; fileEncoding = 4; lastKnownFileType = sourcecode.swift; path = SidePanelViewController.swift; sourceTree = "<group>"; };
/* End PBXFileReference section */

/* Begin PBXFrameworksBuildPhase section */
		A86565791AA8268600C4232D /* Frameworks */ = {
			isa = PBXFrameworksBuildPhase;
			buildActionMask = 2147483647;
			files = (
			);
			runOnlyForDeploymentPostprocessing = 0;
		};
		A865658E1AA8268700C4232D /* Frameworks */ = {
			isa = PBXFrameworksBuildPhase;
			buildActionMask = 2147483647;
			files = (
			);
			runOnlyForDeploymentPostprocessing = 0;
		};
/* End PBXFrameworksBuildPhase section */

/* Begin PBXGroup section */
		A86565731AA8268600C4232D = {
			isa = PBXGroup;
			children = (
				A865657E1AA8268600C4232D /* SlideMenuInSwift */,
				A86565941AA8268700C4232D /* SlideMenuInSwiftTests */,
				A865657D1AA8268600C4232D /* Products */,
			);
			sourceTree = "<group>";
		};
		A865657D1AA8268600C4232D /* Products */ = {
			isa = PBXGroup;
			children = (
				A865657C1AA8268600C4232D /* SlideMenuInSwift.app */,
				A86565911AA8268700C4232D /* SlideMenuInSwiftTests.xctest */,
			);
			name = Products;
			sourceTree = "<group>";
		};
		A865657E1AA8268600C4232D /* SlideMenuInSwift */ = {
			isa = PBXGroup;
			children = (
				A86565811AA8268700C4232D /* AppDelegate.swift */,
				A86565831AA8268700C4232D /* ContainerViewController.swift */,
				A86565A11AA8290F00C4232D /* CenterViewController.swift */,
				A86565A31AA8293500C4232D /* SidePanelViewController.swift */,
				A86565851AA8268700C4232D /* Main.storyboard */,
				A86565881AA8268700C4232D /* Images.xcassets */,
				A865658A1AA8268700C4232D /* LaunchScreen.xib */,
				A865657F1AA8268700C4232D /* Supporting Files */,
			);
			path = SlideMenuInSwift;
			sourceTree = "<group>";
		};
		A865657F1AA8268700C4232D /* Supporting Files */ = {
			isa = PBXGroup;
			children = (
				A86565801AA8268700C4232D /* Info.plist */,
			);
			name = "Supporting Files";
			sourceTree = "<group>";
		};
		A86565941AA8268700C4232D /* SlideMenuInSwiftTests */ = {
			isa = PBXGroup;
			children = (
				A86565971AA8268700C4232D /* SlideMenuInSwiftTests.swift */,
				A86565951AA8268700C4232D /* Supporting Files */,
			);
			path = SlideMenuInSwiftTests;
			sourceTree = "<group>";
		};
		A86565951AA8268700C4232D /* Supporting Files */ = {
			isa = PBXGroup;
			children = (
				A86565961AA8268700C4232D /* Info.plist */,
			);
			name = "Supporting Files";
			sourceTree = "<group>";
		};
/* End PBXGroup section */

/* Begin PBXNativeTarget section */
		A865657B1AA8268600C4232D /* SlideMenuInSwift */ = {
			isa = PBXNativeTarget;
			buildConfigurationList = A865659B1AA8268700C4232D /* Build configuration list for PBXNativeTarget "SlideMenuInSwift" */;
			buildPhases = (
				A86565781AA8268600C4232D /* Sources */,
				A86565791AA8268600C4232D /* Frameworks */,
				A865657A1AA8268600C4232D /* Resources */,
			);
			buildRules = (
			);
			dependencies = (
			);
			name = SlideMenuInSwift;
			productName = SlideMenuInSwift;
			productReference = A865657C1AA8268600C4232D /* SlideMenuInSwift.app */;
			productType = "com.apple.product-type.application";
		};
		A86565901AA8268700C4232D /* SlideMenuInSwiftTests */ = {
			isa = PBXNativeTarget;
			buildConfigurationList = A865659E1AA8268700C4232D /* Build configuration list for PBXNativeTarget "SlideMenuInSwiftTests" */;
			buildPhases = (
				A865658D1AA8268700C4232D /* Sources */,
				A865658E1AA8268700C4232D /* Frameworks */,
				A865658F1AA8268700C4232D /* Resources */,
			);
			buildRules = (
			);
			dependencies = (
				A86565931AA8268700C4232D /* PBXTargetDependency */,
			);
			name = SlideMenuInSwiftTests;
			productName = SlideMenuInSwiftTests;
			productReference = A86565911AA8268700C4232D /* SlideMenuInSwiftTests.xctest */;
			productType = "com.apple.product-type.bundle.unit-test";
		};
/* End PBXNativeTarget section */

/* Begin PBXProject section */
		A86565741AA8268600C4232D /* Project object */ = {
			isa = PBXProject;
			attributes = {
				LastUpgradeCheck = 0600;
				ORGANIZATIONNAME = Paradigmcreatives;
				TargetAttributes = {
					A865657B1AA8268600C4232D = {
						CreatedOnToolsVersion = 6.0;
					};
					A86565901AA8268700C4232D = {
						CreatedOnToolsVersion = 6.0;
						TestTargetID = A865657B1AA8268600C4232D;
					};
				};
			};
			buildConfigurationList = A86565771AA8268600C4232D /* Build configuration list for PBXProject "SlideMenuInSwift" */;
			compatibilityVersion = "Xcode 3.2";
			developmentRegion = English;
			hasScannedForEncodings = 0;
			knownRegions = (
				en,
				Base,
			);
			mainGroup = A86565731AA8268600C4232D;
			productRefGroup = A865657D1AA8268600C4232D /* Products */;
			projectDirPath = "";
			projectRoot = "";
			targets = (
				A865657B1AA8268600C4232D /* SlideMenuInSwift */,
				A86565901AA8268700C4232D /* SlideMenuInSwiftTests */,
			);
		};
/* End PBXProject section */

/* Begin PBXResourcesBuildPhase section */
		A865657A1AA8268600C4232D /* Resources */ = {
			isa = PBXResourcesBuildPhase;
			buildActionMask = 2147483647;
			files = (
				A86565871AA8268700C4232D /* Main.storyboard in Resources */,
				A865658C1AA8268700C4232D /* LaunchScreen.xib in Resources */,
				A86565891AA8268700C4232D /* Images.xcassets in Resources */,
			);
			runOnlyForDeploymentPostprocessing = 0;
		};
		A865658F1AA8268700C4232D /* Resources */ = {
			isa = PBXResourcesBuildPhase;
			buildActionMask = 2147483647;
			files = (
			);
			runOnlyForDeploymentPostprocessing = 0;
		};
/* End PBXResourcesBuildPhase section */

/* Begin PBXSourcesBuildPhase section */
		A86565781AA8268600C4232D /* Sources */ = {
			isa = PBXSourcesBuildPhase;
			buildActionMask = 2147483647;
			files = (
				A86565A41AA8293500C4232D /* SidePanelViewController.swift in Sources */,
				A86565A21AA8290F00C4232D /* CenterViewController.swift in Sources */,
				A86565841AA8268700C4232D /* ContainerViewController.swift in Sources */,
				A86565821AA8268700C4232D /* AppDelegate.swift in Sources */,
			);
			runOnlyForDeploymentPostprocessing = 0;
		};
		A865658D1AA8268700C4232D /* Sources */ = {
			isa = PBXSourcesBuildPhase;
			buildActionMask = 2147483647;
			files = (
				A86565981AA8268700C4232D /* SlideMenuInSwiftTests.swift in Sources */,
			);
			runOnlyForDeploymentPostprocessing = 0;
		};
/* End PBXSourcesBuildPhase section */

/* Begin PBXTargetDependency section */
		A86565931AA8268700C4232D /* PBXTargetDependency */ = {
			isa = PBXTargetDependency;
			target = A865657B1AA8268600C4232D /* SlideMenuInSwift */;
			targetProxy = A86565921AA8268700C4232D /* PBXContainerItemProxy */;
		};
/* End PBXTargetDependency section */

/* Begin PBXVariantGroup section */
		A86565851AA8268700C4232D /* Main.storyboard */ = {
			isa = PBXVariantGroup;
			children = (
				A86565861AA8268700C4232D /* Base */,
			);
			name = Main.storyboard;
			sourceTree = "<group>";
		};
		A865658A1AA8268700C4232D /* LaunchScreen.xib */ = {
			isa = PBXVariantGroup;
			children = (
				A865658B1AA8268700C4232D /* Base */,
			);
			name = LaunchScreen.xib;
			sourceTree = "<group>";
		};
/* End PBXVariantGroup section */

/* Begin XCBuildConfiguration section */
		A86565991AA8268700C4232D /* Debug */ = {
			isa = XCBuildConfiguration;
			buildSettings = {
				ALWAYS_SEARCH_USER_PATHS = NO;
				CLANG_CXX_LANGUAGE_STANDARD = "gnu++0x";
				CLANG_CXX_LIBRARY = "libc++";
				CLANG_ENABLE_MODULES = YES;
				CLANG_ENABLE_OBJC_ARC = YES;
				CLANG_WARN_BOOL_CONVERSION = YES;
				CLANG_WARN_CONSTANT_CONVERSION = YES;
				CLANG_WARN_DIRECT_OBJC_ISA_USAGE = YES_ERROR;
				CLANG_WARN_EMPTY_BODY = YES;
				CLANG_WARN_ENUM_CONVERSION = YES;
				CLANG_WARN_INT_CONVERSION = YES;
				CLANG_WARN_OBJC_ROOT_CLASS = YES_ERROR;
				CLANG_WARN_UNREACHABLE_CODE = YES;
				CLANG_WARN__DUPLICATE_METHOD_MATCH = YES;
				"CODE_SIGN_IDENTITY[sdk=iphoneos*]" = "iPhone Developer";
				COPY_PHASE_STRIP = NO;
				ENABLE_STRICT_OBJC_MSGSEND = YES;
				GCC_C_LANGUAGE_STANDARD = gnu99;
				GCC_DYNAMIC_NO_PIC = NO;
				GCC_OPTIMIZATION_LEVEL = 0;
				GCC_PREPROCESSOR_DEFINITIONS = (
					"DEBUG=1",
					"$(inherited)",
				);
				GCC_SYMBOLS_PRIVATE_EXTERN = NO;
				GCC_WARN_64_TO_32_BIT_CONVERSION = YES;
				GCC_WARN_ABOUT_RETURN_TYPE = YES_ERROR;
				GCC_WARN_UNDECLARED_SELECTOR = YES;
				GCC_WARN_UNINITIALIZED_AUTOS = YES_AGGRESSIVE;
				GCC_WARN_UNUSED_FUNCTION = YES;
				GCC_WARN_UNUSED_VARIABLE = YES;
				IPHONEOS_DEPLOYMENT_TARGET = 8.0;
				MTL_ENABLE_DEBUG_INFO = YES;
				ONLY_ACTIVE_ARCH = YES;
				SDKROOT = iphoneos;
				SWIFT_OPTIMIZATION_LEVEL = "-Onone";
				TARGETED_DEVICE_FAMILY = "1,2";
			};
			name = Debug;
		};
		A865659A1AA8268700C4232D /* Release */ = {
			isa = XCBuildConfiguration;
			buildSettings = {
				ALWAYS_SEARCH_USER_PATHS = NO;
				CLANG_CXX_LANGUAGE_STANDARD = "gnu++0x";
				CLANG_CXX_LIBRARY = "libc++";
				CLANG_ENABLE_MODULES = YES;
				CLANG_ENABLE_OBJC_ARC = YES;
				CLANG_WARN_BOOL_CONVERSION = YES;
				CLANG_WARN_CONSTANT_CONVERSION = YES;
				CLANG_WARN_DIRECT_OBJC_ISA_USAGE = YES_ERROR;
				CLANG_WARN_EMPTY_BODY = YES;
				CLANG_WARN_ENUM_CONVERSION = YES;
				CLANG_WARN_INT_CONVERSION = YES;
				CLANG_WARN_OBJC_ROOT_CLASS = YES_ERROR;
				CLANG_WARN_UNREACHABLE_CODE = YES;
				CLANG_WARN__DUPLICATE_METHOD_MATCH = YES;
				"CODE_SIGN_IDENTITY[sdk=iphoneos*]" = "iPhone Developer";
				COPY_PHASE_STRIP = YES;
				ENABLE_NS_ASSERTIONS = NO;
				ENABLE_STRICT_OBJC_MSGSEND = YES;
				GCC_C_LANGUAGE_STANDARD = gnu99;
				GCC_WARN_64_TO_32_BIT_CONVERSION = YES;
				GCC_WARN_ABOUT_RETURN_TYPE = YES_ERROR;
				GCC_WARN_UNDECLARED_SELECTOR = YES;
				GCC_WARN_UNINITIALIZED_AUTOS = YES_AGGRESSIVE;
				GCC_WARN_UNUSED_FUNCTION = YES;
				GCC_WARN_UNUSED_VARIABLE = YES;
				IPHONEOS_DEPLOYMENT_TARGET = 8.0;
				MTL_ENABLE_DEBUG_INFO = NO;
				SDKROOT = iphoneos;
				TARGETED_DEVICE_FAMILY = "1,2";
				VALIDATE_PRODUCT = YES;
			};
			name = Release;
		};
		A865659C1AA8268700C4232D /* Debug */ = {
			isa = XCBuildConfiguration;
			buildSettings = {
				ASSETCATALOG_COMPILER_APPICON_NAME = AppIcon;
				INFOPLIST_FILE = SlideMenuInSwift/Info.plist;
				LD_RUNPATH_SEARCH_PATHS = "$(inherited) @executable_path/Frameworks";
				PRODUCT_NAME = "$(TARGET_NAME)";
			};
			name = Debug;
		};
		A865659D1AA8268700C4232D /* Release */ = {
			isa = XCBuildConfiguration;
			buildSettings = {
				ASSETCATALOG_COMPILER_APPICON_NAME = AppIcon;
				INFOPLIST_FILE = SlideMenuInSwift/Info.plist;
				LD_RUNPATH_SEARCH_PATHS = "$(inherited) @executable_path/Frameworks";
				PRODUCT_NAME = "$(TARGET_NAME)";
			};
			name = Release;
		};
		A865659F1AA8268700C4232D /* Debug */ = {
			isa = XCBuildConfiguration;
			buildSettings = {
				BUNDLE_LOADER = "$(TEST_HOST)";
				FRAMEWORK_SEARCH_PATHS = (
					"$(SDKROOT)/Developer/Library/Frameworks",
					"$(inherited)",
				);
				GCC_PREPROCESSOR_DEFINITIONS = (
					"DEBUG=1",
					"$(inherited)",
				);
				INFOPLIST_FILE = SlideMenuInSwiftTests/Info.plist;
				LD_RUNPATH_SEARCH_PATHS = "$(inherited) @executable_path/Frameworks @loader_path/Frameworks";
				PRODUCT_NAME = "$(TARGET_NAME)";
				TEST_HOST = "$(BUILT_PRODUCTS_DIR)/SlideMenuInSwift.app/SlideMenuInSwift";
			};
			name = Debug;
		};
		A86565A01AA8268700C4232D /* Release */ = {
			isa = XCBuildConfiguration;
			buildSettings = {
				BUNDLE_LOADER = "$(TEST_HOST)";
				FRAMEWORK_SEARCH_PATHS = (
					"$(SDKROOT)/Developer/Library/Frameworks",
					"$(inherited)",
				);
				INFOPLIST_FILE = SlideMenuInSwiftTests/Info.plist;
				LD_RUNPATH_SEARCH_PATHS = "$(inherited) @executable_path/Frameworks @loader_path/Frameworks";
				PRODUCT_NAME = "$(TARGET_NAME)";
				TEST_HOST = "$(BUILT_PRODUCTS_DIR)/SlideMenuInSwift.app/SlideMenuInSwift";
			};
			name = Release;
		};
/* End XCBuildConfiguration section */

/* Begin XCConfigurationList section */
		A86565771AA8268600C4232D /* Build configuration list for PBXProject "SlideMenuInSwift" */ = {
			isa = XCConfigurationList;
			buildConfigurations = (
				A86565991AA8268700C4232D /* Debug */,
				A865659A1AA8268700C4232D /* Release */,
			);
			defaultConfigurationIsVisible = 0;
			defaultConfigurationName = Release;
		};
		A865659B1AA8268700C4232D /* Build configuration list for PBXNativeTarget "SlideMenuInSwift" */ = {
			isa = XCConfigurationList;
			buildConfigurations = (
				A865659C1AA8268700C4232D /* Debug */,
				A865659D1AA8268700C4232D /* Release */,
			);
			defaultConfigurationIsVisible = 0;
		};
		A865659E1AA8268700C4232D /* Build configuration list for PBXNativeTarget "SlideMenuInSwiftTests" */ = {
			isa = XCConfigurationList;
			buildConfigurations = (
				A865659F1AA8268700C4232D /* Debug */,
				A86565A01AA8268700C4232D /* Release */,
			);
			defaultConfigurationIsVisible = 0;
		};
/* End XCConfigurationList section */
	};
	rootObject = A86565741AA8268600C4232D /* Project object */;
}
